<?xml version="1.0" encoding="utf-8"?>
<Project ToolsVersion="4.0" xmlns="http://schemas.microsoft.com/developer/msbuild/2003">
  <ItemGroup>
    <Filter Include="Unit">
      <UniqueIdentifier>{e5702d3e-5ce3-42c9-a271-2211076d6ede}</UniqueIdentifier>
    </Filter>
    <Filter Include="Utils">
      <UniqueIdentifier>{b4203fe5-0eeb-46cd-b2fb-ba5f1efcbf8c}</UniqueIdentifier>
    </Filter>
    <Filter Include="Client">
      <UniqueIdentifier>{b0f9d787-d376-40c1-8774-e312b1d07f2c}</UniqueIdentifier>
    </Filter>
  </ItemGroup>
  <ItemGroup>
    <ClInclude Include="Marine.h">
      <Filter>Unit</Filter>
    </ClInclude>
    <ClInclude Include="Header.h">
      <Filter>Utils</Filter>
    </ClInclude>
    <ClInclude Include="Client.h">
      <Filter>Client</Filter>
    </ClInclude>
  </ItemGroup>
  <ItemGroup>
    <ClCompile Include="Marine.cpp">
      <Filter>Unit</Filter>
    </ClCompile>
    <ClCompile Include="Header.cpp">
      <Filter>Utils</Filter>
    </ClCompile>
    <ClCompile Include="Client.cpp">
      <Filter>Client</Filter>
    </ClCompile>
  </ItemGroup>
</Project>